
Microsoft Visual Studio Solution File, Format Version 12.00
Project("{FAE04EC0-301F-11D3-BF4B-00C04F79EFBC}") = "Trailine", "Code\Trailine.csproj", "{09999BCE-A648-45AA-88D9-952822A45800}"
EndProject
Global
	GlobalSection(SolutionConfigurationPlatforms) = preSolution
		Debug|Any CPU = Debug|Any CPU
		Release|Any CPU = Release|Any CPU
	EndGlobalSection
	GlobalSection(ProjectConfigurationPlatforms) = postSolution
		{09999BCE-A648-45AA-88D9-952822A45800}.Debug|Any CPU.ActiveCfg = Debug|Any CPU
		{09999BCE-A648-45AA-88D9-952822A45800}.Debug|Any CPU.Build.0 = Debug|Any CPU
		{09999BCE-A648-45AA-88D9-952822A45800}.Release|Any CPU.ActiveCfg = Release|Any CPU
		{09999BCE-A648-45AA-88D9-952822A45800}.Release|Any CPU.Build.0 = Release|Any CPU
	EndGlobalSection
EndGlobal
